// !$*UTF8*$!
{
	archiveVersion = 1;
	classes = {
	};
	objectVersion = 46;
	objects = {

/* Begin PBXBuildFile section */
		A6A7938A19B6062B00319215 /* Foundation.framework in Frameworks */ = {isa = PBXBuildFile; fileRef = A6A7938919B6062B00319215 /* Foundation.framework */; };
		A6A7938C19B6062B00319215 /* CoreGraphics.framework in Frameworks */ = {isa = PBXBuildFile; fileRef = A6A7938B19B6062B00319215 /* CoreGraphics.framework */; };
		A6A7938E19B6062B00319215 /* UIKit.framework in Frameworks */ = {isa = PBXBuildFile; fileRef = A6A7938D19B6062B00319215 /* UIKit.framework */; };
		A6A7939419B6062B00319215 /* InfoPlist.strings in Resources */ = {isa = PBXBuildFile; fileRef = A6A7939219B6062B00319215 /* InfoPlist.strings */; };
		A6A7939619B6062B00319215 /* main.m in Sources */ = {isa = PBXBuildFile; fileRef = A6A7939519B6062B00319215 /* main.m */; };
		A6A7939A19B6062B00319215 /* KXAppDelegate.m in Sources */ = {isa = PBXBuildFile; fileRef = A6A7939919B6062B00319215 /* KXAppDelegate.m */; };
		A6A7939D19B6062B00319215 /* Main_iPhone.storyboard in Resources */ = {isa = PBXBuildFile; fileRef = A6A7939B19B6062B00319215 /* Main_iPhone.storyboard */; };
		A6A793A019B6062B00319215 /* Main_iPad.storyboard in Resources */ = {isa = PBXBuildFile; fileRef = A6A7939E19B6062B00319215 /* Main_iPad.storyboard */; };
		A6A793A319B6062B00319215 /* KXFirstViewController.m in Sources */ = {isa = PBXBuildFile; fileRef = A6A793A219B6062B00319215 /* KXFirstViewController.m */; };
		A6A793A619B6062B00319215 /* KXSecondViewController.m in Sources */ = {isa = PBXBuildFile; fileRef = A6A793A519B6062B00319215 /* KXSecondViewController.m */; };
		A6A793A819B6062B00319215 /* Images.xcassets in Resources */ = {isa = PBXBuildFile; fileRef = A6A793A719B6062B00319215 /* Images.xcassets */; };
		A6A793AF19B6062B00319215 /* XCTest.framework in Frameworks */ = {isa = PBXBuildFile; fileRef = A6A793AE19B6062B00319215 /* XCTest.framework */; };
		A6A793B019B6062B00319215 /* Foundation.framework in Frameworks */ = {isa = PBXBuildFile; fileRef = A6A7938919B6062B00319215 /* Foundation.framework */; };
		A6A793B119B6062B00319215 /* UIKit.framework in Frameworks */ = {isa = PBXBuildFile; fileRef = A6A7938D19B6062B00319215 /* UIKit.framework */; };
		A6A793B919B6062B00319215 /* InfoPlist.strings in Resources */ = {isa = PBXBuildFile; fileRef = A6A793B719B6062B00319215 /* InfoPlist.strings */; };
		A6A793BB19B6062B00319215 /* CardCodeTests.m in Sources */ = {isa = PBXBuildFile; fileRef = A6A793BA19B6062B00319215 /* CardCodeTests.m */; };
/* End PBXBuildFile section */

/* Begin PBXContainerItemProxy section */
		A6A793B219B6062B00319215 /* PBXContainerItemProxy */ = {
			isa = PBXContainerItemProxy;
			containerPortal = A6A7937E19B6062B00319215 /* Project object */;
			proxyType = 1;
			remoteGlobalIDString = A6A7938519B6062B00319215;
			remoteInfo = CardCode;
		};
/* End PBXContainerItemProxy section */

/* Begin PBXFileReference section */
		A6A7938619B6062B00319215 /* CardCode.app */ = {isa = PBXFileReference; explicitFileType = wrapper.application; includeInIndex = 0; path = CardCode.app; sourceTree = BUILT_PRODUCTS_DIR; };
		A6A7938919B6062B00319215 /* Foundation.framework */ = {isa = PBXFileReference; lastKnownFileType = wrapper.framework; name = Foundation.framework; path = System/Library/Frameworks/Foundation.framework; sourceTree = SDKROOT; };
		A6A7938B19B6062B00319215 /* CoreGraphics.framework */ = {isa = PBXFileReference; lastKnownFileType = wrapper.framework; name = CoreGraphics.framework; path = System/Library/Frameworks/CoreGraphics.framework; sourceTree = SDKROOT; };
		A6A7938D19B6062B00319215 /* UIKit.framework */ = {isa = PBXFileReference; lastKnownFileType = wrapper.framework; name = UIKit.framework; path = System/Library/Frameworks/UIKit.framework; sourceTree = SDKROOT; };
		A6A7939119B6062B00319215 /* CardCode-Info.plist */ = {isa = PBXFileReference; lastKnownFileType = text.plist.xml; path = "CardCode-Info.plist"; sourceTree = "<group>"; };
		A6A7939319B6062B00319215 /* en */ = {isa = PBXFileReference; lastKnownFileType = text.plist.strings; name = en; path = en.lproj/InfoPlist.strings; sourceTree = "<group>"; };
		A6A7939519B6062B00319215 /* main.m */ = {isa = PBXFileReference; lastKnownFileType = sourcecode.c.objc; path = main.m; sourceTree = "<group>"; };
		A6A7939719B6062B00319215 /* CardCode-Prefix.pch */ = {isa = PBXFileReference; lastKnownFileType = sourcecode.c.h; path = "CardCode-Prefix.pch"; sourceTree = "<group>"; };
		A6A7939819B6062B00319215 /* KXAppDelegate.h */ = {isa = PBXFileReference; lastKnownFileType = sourcecode.c.h; path = KXAppDelegate.h; sourceTree = "<group>"; };
		A6A7939919B6062B00319215 /* KXAppDelegate.m */ = {isa = PBXFileReference; lastKnownFileType = sourcecode.c.objc; path = KXAppDelegate.m; sourceTree = "<group>"; };
		A6A7939C19B6062B00319215 /* Base */ = {isa = PBXFileReference; lastKnownFileType = file.storyboard; name = Base; path = Base.lproj/Main_iPhone.storyboard; sourceTree = "<group>"; };
		A6A7939F19B6062B00319215 /* Base */ = {isa = PBXFileReference; lastKnownFileType = file.storyboard; name = Base; path = Base.lproj/Main_iPad.storyboard; sourceTree = "<group>"; };
		A6A793A119B6062B00319215 /* KXFirstViewController.h */ = {isa = PBXFileReference; lastKnownFileType = sourcecode.c.h; path = KXFirstViewController.h; sourceTree = "<group>"; };
		A6A793A219B6062B00319215 /* KXFirstViewController.m */ = {isa = PBXFileReference; lastKnownFileType = sourcecode.c.objc; path = KXFirstViewController.m; sourceTree = "<group>"; };
		A6A793A419B6062B00319215 /* KXSecondViewController.h */ = {isa = PBXFileReference; lastKnownFileType = sourcecode.c.h; path = KXSecondViewController.h; sourceTree = "<group>"; };
		A6A793A519B6062B00319215 /* KXSecondViewController.m */ = {isa = PBXFileReference; lastKnownFileType = sourcecode.c.objc; path = KXSecondViewController.m; sourceTree = "<group>"; };
		A6A793A719B6062B00319215 /* Images.xcassets */ = {isa = PBXFileReference; lastKnownFileType = folder.assetcatalog; path = Images.xcassets; sourceTree = "<group>"; };
		A6A793AD19B6062B00319215 /* CardCodeTests.xctest */ = {isa = PBXFileReference; explicitFileType = wrapper.cfbundle; includeInIndex = 0; path = CardCodeTests.xctest; sourceTree = BUILT_PRODUCTS_DIR; };
		A6A793AE19B6062B00319215 /* XCTest.framework */ = {isa = PBXFileReference; lastKnownFileType = wrapper.framework; name = XCTest.framework; path = Library/Frameworks/XCTest.framework; sourceTree = DEVELOPER_DIR; };
		A6A793B619B6062B00319215 /* CardCodeTests-Info.plist */ = {isa = PBXFileReference; lastKnownFileType = text.plist.xml; path = "CardCodeTests-Info.plist"; sourceTree = "<group>"; };
		A6A793B819B6062B00319215 /* en */ = {isa = PBXFileReference; lastKnownFileType = text.plist.strings; name = en; path = en.lproj/InfoPlist.strings; sourceTree = "<group>"; };
		A6A793BA19B6062B00319215 /* CardCodeTests.m */ = {isa = PBXFileReference; lastKnownFileType = sourcecode.c.objc; path = CardCodeTests.m; sourceTree = "<group>"; };
/* End PBXFileReference section */

/* Begin PBXFrameworksBuildPhase section */
		A6A7938319B6062B00319215 /* Frameworks */ = {
			isa = PBXFrameworksBuildPhase;
			buildActionMask = 2147483647;
			files = (
				A6A7938C19B6062B00319215 /* CoreGraphics.framework in Frameworks */,
				A6A7938E19B6062B00319215 /* UIKit.framework in Frameworks */,
				A6A7938A19B6062B00319215 /* Foundation.framework in Frameworks */,
			);
			runOnlyForDeploymentPostprocessing = 0;
		};
		A6A793AA19B6062B00319215 /* Frameworks */ = {
			isa = PBXFrameworksBuildPhase;
			buildActionMask = 2147483647;
			files = (
				A6A793AF19B6062B00319215 /* XCTest.framework in Frameworks */,
				A6A793B119B6062B00319215 /* UIKit.framework in Frameworks */,
				A6A793B019B6062B00319215 /* Foundation.framework in Frameworks */,
			);
			runOnlyForDeploymentPostprocessing = 0;
		};
/* End PBXFrameworksBuildPhase section */

/* Begin PBXGroup section */
		A6A7937D19B6062B00319215 = {
			isa = PBXGroup;
			children = (
				A6A7938F19B6062B00319215 /* CardCode */,
				A6A793B419B6062B00319215 /* CardCodeTests */,
				A6A7938819B6062B00319215 /* Frameworks */,
				A6A7938719B6062B00319215 /* Products */,
			);
			sourceTree = "<group>";
		};
		A6A7938719B6062B00319215 /* Products */ = {
			isa = PBXGroup;
			children = (
				A6A7938619B6062B00319215 /* CardCode.app */,
				A6A793AD19B6062B00319215 /* CardCodeTests.xctest */,
			);
			name = Products;
			sourceTree = "<group>";
		};
		A6A7938819B6062B00319215 /* Frameworks */ = {
			isa = PBXGroup;
			children = (
				A6A7938919B6062B00319215 /* Foundation.framework */,
				A6A7938B19B6062B00319215 /* CoreGraphics.framework */,
				A6A7938D19B6062B00319215 /* UIKit.framework */,
				A6A793AE19B6062B00319215 /* XCTest.framework */,
			);
			name = Frameworks;
			sourceTree = "<group>";
		};
		A6A7938F19B6062B00319215 /* CardCode */ = {
			isa = PBXGroup;
			children = (
				A6A7939819B6062B00319215 /* KXAppDelegate.h */,
				A6A7939919B6062B00319215 /* KXAppDelegate.m */,
				A6A7939B19B6062B00319215 /* Main_iPhone.storyboard */,
				A6A7939E19B6062B00319215 /* Main_iPad.storyboard */,
				A6A793A119B6062B00319215 /* KXFirstViewController.h */,
				A6A793A219B6062B00319215 /* KXFirstViewController.m */,
				A6A793A419B6062B00319215 /* KXSecondViewController.h */,
				A6A793A519B6062B00319215 /* KXSecondViewController.m */,
				A6A793A719B6062B00319215 /* Images.xcassets */,
				A6A7939019B6062B00319215 /* Supporting Files */,
			);
			path = CardCode;
			sourceTree = "<group>";
		};
		A6A7939019B6062B00319215 /* Supporting Files */ = {
			isa = PBXGroup;
			children = (
				A6A7939119B6062B00319215 /* CardCode-Info.plist */,
				A6A7939219B6062B00319215 /* InfoPlist.strings */,
				A6A7939519B6062B00319215 /* main.m */,
				A6A7939719B6062B00319215 /* CardCode-Prefix.pch */,
			);
			name = "Supporting Files";
			sourceTree = "<group>";
		};
		A6A793B419B6062B00319215 /* CardCodeTests */ = {
			isa = PBXGroup;
			children = (
				A6A793BA19B6062B00319215 /* CardCodeTests.m */,
				A6A793B519B6062B00319215 /* Supporting Files */,
			);
			path = CardCodeTests;
			sourceTree = "<group>";
		};
		A6A793B519B6062B00319215 /* Supporting Files */ = {
			isa = PBXGroup;
			children = (
				A6A793B619B6062B00319215 /* CardCodeTests-Info.plist */,
				A6A793B719B6062B00319215 /* InfoPlist.strings */,
			);
			name = "Supporting Files";
			sourceTree = "<group>";
		};
/* End PBXGroup section */

/* Begin PBXNativeTarget section */
		A6A7938519B6062B00319215 /* CardCode */ = {
			isa = PBXNativeTarget;
			buildConfigurationList = A6A793BE19B6062B00319215 /* Build configuration list for PBXNativeTarget "CardCode" */;
			buildPhases = (
				A6A7938219B6062B00319215 /* Sources */,
				A6A7938319B6062B00319215 /* Frameworks */,
				A6A7938419B6062B00319215 /* Resources */,
			);
			buildRules = (
			);
			dependencies = (
			);
			name = CardCode;
			productName = CardCode;
			productReference = A6A7938619B6062B00319215 /* CardCode.app */;
			productType = "com.apple.product-type.application";
		};
		A6A793AC19B6062B00319215 /* CardCodeTests */ = {
			isa = PBXNativeTarget;
			buildConfigurationList = A6A793C119B6062B00319215 /* Build configuration list for PBXNativeTarget "CardCodeTests" */;
			buildPhases = (
				A6A793A919B6062B00319215 /* Sources */,
				A6A793AA19B6062B00319215 /* Frameworks */,
				A6A793AB19B6062B00319215 /* Resources */,
			);
			buildRules = (
			);
			dependencies = (
				A6A793B319B6062B00319215 /* PBXTargetDependency */,
			);
			name = CardCodeTests;
			productName = CardCodeTests;
			productReference = A6A793AD19B6062B00319215 /* CardCodeTests.xctest */;
			productType = "com.apple.product-type.bundle.unit-test";
		};
/* End PBXNativeTarget section */

/* Begin PBXProject section */
		A6A7937E19B6062B00319215 /* Project object */ = {
			isa = PBXProject;
			attributes = {
				CLASSPREFIX = KX;
				LastUpgradeCheck = 0510;
				ORGANIZATIONNAME = Keexa;
				TargetAttributes = {
					A6A793AC19B6062B00319215 = {
						TestTargetID = A6A7938519B6062B00319215;
					};
				};
			};
			buildConfigurationList = A6A7938119B6062B00319215 /* Build configuration list for PBXProject "CardCode" */;
			compatibilityVersion = "Xcode 3.2";
			developmentRegion = English;
			hasScannedForEncodings = 0;
			knownRegions = (
				en,
				Base,
			);
			mainGroup = A6A7937D19B6062B00319215;
			productRefGroup = A6A7938719B6062B00319215 /* Products */;
			projectDirPath = "";
			projectRoot = "";
			targets = (
				A6A7938519B6062B00319215 /* CardCode */,
				A6A793AC19B6062B00319215 /* CardCodeTests */,
			);
		};
/* End PBXProject section */

/* Begin PBXResourcesBuildPhase section */
		A6A7938419B6062B00319215 /* Resources */ = {
			isa = PBXResourcesBuildPhase;
			buildActionMask = 2147483647;
			files = (
				A6A793A019B6062B00319215 /* Main_iPad.storyboard in Resources */,
				A6A793A819B6062B00319215 /* Images.xcassets in Resources */,
				A6A7939D19B6062B00319215 /* Main_iPhone.storyboard in Resources */,
				A6A7939419B6062B00319215 /* InfoPlist.strings in Resources */,
			);
			runOnlyForDeploymentPostprocessing = 0;
		};
		A6A793AB19B6062B00319215 /* Resources */ = {
			isa = PBXResourcesBuildPhase;
			buildActionMask = 2147483647;
			files = (
				A6A793B919B6062B00319215 /* InfoPlist.strings in Resources */,
			);
			runOnlyForDeploymentPostprocessing = 0;
		};
/* End PBXResourcesBuildPhase section */

/* Begin PBXSourcesBuildPhase section */
		A6A7938219B6062B00319215 /* Sources */ = {
			isa = PBXSourcesBuildPhase;
			buildActionMask = 2147483647;
			files = (
				A6A7939619B6062B00319215 /* main.m in Sources */,
				A6A793A619B6062B00319215 /* KXSecondViewController.m in Sources */,
				A6A793A319B6062B00319215 /* KXFirstViewController.m in Sources */,
				A6A7939A19B6062B00319215 /* KXAppDelegate.m in Sources */,
			);
			runOnlyForDeploymentPostprocessing = 0;
		};
		A6A793A919B6062B00319215 /* Sources */ = {
			isa = PBXSourcesBuildPhase;
			buildActionMask = 2147483647;
			files = (
				A6A793BB19B6062B00319215 /* CardCodeTests.m in Sources */,
			);
			runOnlyForDeploymentPostprocessing = 0;
		};
/* End PBXSourcesBuildPhase section */

/* Begin PBXTargetDependency section */
		A6A793B319B6062B00319215 /* PBXTargetDependency */ = {
			isa = PBXTargetDependency;
			target = A6A7938519B6062B00319215 /* CardCode */;
			targetProxy = A6A793B219B6062B00319215 /* PBXContainerItemProxy */;
		};
/* End PBXTargetDependency section */

/* Begin PBXVariantGroup section */
		A6A7939219B6062B00319215 /* InfoPlist.strings */ = {
			isa = PBXVariantGroup;
			children = (
				A6A7939319B6062B00319215 /* en */,
			);
			name = InfoPlist.strings;
			sourceTree = "<group>";
		};
		A6A7939B19B6062B00319215 /* Main_iPhone.storyboard */ = {
			isa = PBXVariantGroup;
			children = (
				A6A7939C19B6062B00319215 /* Base */,
			);
			name = Main_iPhone.storyboard;
			sourceTree = "<group>";
		};
		A6A7939E19B6062B00319215 /* Main_iPad.storyboard */ = {
			isa = PBXVariantGroup;
			children = (
				A6A7939F19B6062B00319215 /* Base */,
			);
			name = Main_iPad.storyboard;
			sourceTree = "<group>";
		};
		A6A793B719B6062B00319215 /* InfoPlist.strings */ = {
			isa = PBXVariantGroup;
			children = (
				A6A793B819B6062B00319215 /* en */,
			);
			name = InfoPlist.strings;
			sourceTree = "<group>";
		};
/* End PBXVariantGroup section */

/* Begin XCBuildConfiguration section */
		A6A793BC19B6062B00319215 /* Debug */ = {
			isa = XCBuildConfiguration;
			buildSettings = {
				ALWAYS_SEARCH_USER_PATHS = NO;
				CLANG_CXX_LANGUAGE_STANDARD = "gnu++0x";
				CLANG_CXX_LIBRARY = "libc++";
				CLANG_ENABLE_MODULES = YES;
				CLANG_ENABLE_OBJC_ARC = YES;
				CLANG_WARN_BOOL_CONVERSION = YES;
				CLANG_WARN_CONSTANT_CONVERSION = YES;
				CLANG_WARN_DIRECT_OBJC_ISA_USAGE = YES_ERROR;
				CLANG_WARN_EMPTY_BODY = YES;
				CLANG_WARN_ENUM_CONVERSION = YES;
				CLANG_WARN_INT_CONVERSION = YES;
				CLANG_WARN_OBJC_ROOT_CLASS = YES_ERROR;
				CLANG_WARN__DUPLICATE_METHOD_MATCH = YES;
				"CODE_SIGN_IDENTITY[sdk=iphoneos*]" = "iPhone Developer";
				COPY_PHASE_STRIP = NO;
				GCC_C_LANGUAGE_STANDARD = gnu99;
				GCC_DYNAMIC_NO_PIC = NO;
				GCC_OPTIMIZATION_LEVEL = 0;
				GCC_PREPROCESSOR_DEFINITIONS = (
					"DEBUG=1",
					"$(inherited)",
				);
				GCC_SYMBOLS_PRIVATE_EXTERN = NO;
				GCC_WARN_64_TO_32_BIT_CONVERSION = YES;
				GCC_WARN_ABOUT_RETURN_TYPE = YES_ERROR;
				GCC_WARN_UNDECLARED_SELECTOR = YES;
				GCC_WARN_UNINITIALIZED_AUTOS = YES_AGGRESSIVE;
				GCC_WARN_UNUSED_FUNCTION = YES;
				GCC_WARN_UNUSED_VARIABLE = YES;
				IPHONEOS_DEPLOYMENT_TARGET = 7.1;
				ONLY_ACTIVE_ARCH = YES;
				SDKROOT = iphoneos;
				TARGETED_DEVICE_FAMILY = "1,2";
			};
			name = Debug;
		};
		A6A793BD19B6062B00319215 /* Release */ = {
			isa = XCBuildConfiguration;
			buildSettings = {
				ALWAYS_SEARCH_USER_PATHS = NO;
				CLANG_CXX_LANGUAGE_STANDARD = "gnu++0x";
				CLANG_CXX_LIBRARY = "libc++";
				CLANG_ENABLE_MODULES = YES;
				CLANG_ENABLE_OBJC_ARC = YES;
				CLANG_WARN_BOOL_CONVERSION = YES;
				CLANG_WARN_CONSTANT_CONVERSION = YES;
				CLANG_WARN_DIRECT_OBJC_ISA_USAGE = YES_ERROR;
				CLANG_WARN_EMPTY_BODY = YES;
				CLANG_WARN_ENUM_CONVERSION = YES;
				CLANG_WARN_INT_CONVERSION = YES;
				CLANG_WARN_OBJC_ROOT_CLASS = YES_ERROR;
				CLANG_WARN__DUPLICATE_METHOD_MATCH = YES;
				"CODE_SIGN_IDENTITY[sdk=iphoneos*]" = "iPhone Developer";
				COPY_PHASE_STRIP = YES;
				ENABLE_NS_ASSERTIONS = NO;
				GCC_C_LANGUAGE_STANDARD = gnu99;
				GCC_WARN_64_TO_32_BIT_CONVERSION = YES;
				GCC_WARN_ABOUT_RETURN_TYPE = YES_ERROR;
				GCC_WARN_UNDECLARED_SELECTOR = YES;
				GCC_WARN_UNINITIALIZED_AUTOS = YES_AGGRESSIVE;
				GCC_WARN_UNUSED_FUNCTION = YES;
				GCC_WARN_UNUSED_VARIABLE = YES;
				IPHONEOS_DEPLOYMENT_TARGET = 7.1;
				SDKROOT = iphoneos;
				TARGETED_DEVICE_FAMILY = "1,2";
				VALIDATE_PRODUCT = YES;
			};
			name = Release;
		};
		A6A793BF19B6062B00319215 /* Debug */ = {
			isa = XCBuildConfiguration;
			buildSettings = {
				ASSETCATALOG_COMPILER_APPICON_NAME = AppIcon;
				ASSETCATALOG_COMPILER_LAUNCHIMAGE_NAME = LaunchImage;
				GCC_PRECOMPILE_PREFIX_HEADER = YES;
				GCC_PREFIX_HEADER = "CardCode/CardCode-Prefix.pch";
				INFOPLIST_FILE = "CardCode/CardCode-Info.plist";
				PRODUCT_NAME = "$(TARGET_NAME)";
				WRAPPER_EXTENSION = app;
			};
			name = Debug;
		};
		A6A793C019B6062B00319215 /* Release */ = {
			isa = XCBuildConfiguration;
			buildSettings = {
				ASSETCATALOG_COMPILER_APPICON_NAME = AppIcon;
				ASSETCATALOG_COMPILER_LAUNCHIMAGE_NAME = LaunchImage;
				GCC_PRECOMPILE_PREFIX_HEADER = YES;
				GCC_PREFIX_HEADER = "CardCode/CardCode-Prefix.pch";
				INFOPLIST_FILE = "CardCode/CardCode-Info.plist";
				PRODUCT_NAME = "$(TARGET_NAME)";
				WRAPPER_EXTENSION = app;
			};
			name = Release;
		};
		A6A793C219B6062B00319215 /* Debug */ = {
			isa = XCBuildConfiguration;
			buildSettings = {
				BUNDLE_LOADER = "$(BUILT_PRODUCTS_DIR)/CardCode.app/CardCode";
				FRAMEWORK_SEARCH_PATHS = (
					"$(SDKROOT)/Developer/Library/Frameworks",
					"$(inherited)",
					"$(DEVELOPER_FRAMEWORKS_DIR)",
				);
				GCC_PRECOMPILE_PREFIX_HEADER = YES;
				GCC_PREFIX_HEADER = "CardCode/CardCode-Prefix.pch";
				GCC_PREPROCESSOR_DEFINITIONS = (
					"DEBUG=1",
					"$(inherited)",
				);
				INFOPLIST_FILE = "CardCodeTests/CardCodeTests-Info.plist";
				PRODUCT_NAME = "$(TARGET_NAME)";
				TEST_HOST = "$(BUNDLE_LOADER)";
				WRAPPER_EXTENSION = xctest;
			};
			name = Debug;
		};
		A6A793C319B6062B00319215 /* Release */ = {
			isa = XCBuildConfiguration;
			buildSettings = {
				BUNDLE_LOADER = "$(BUILT_PRODUCTS_DIR)/CardCode.app/CardCode";
				FRAMEWORK_SEARCH_PATHS = (
					"$(SDKROOT)/Developer/Library/Frameworks",
					"$(inherited)",
					"$(DEVELOPER_FRAMEWORKS_DIR)",
				);
				GCC_PRECOMPILE_PREFIX_HEADER = YES;
				GCC_PREFIX_HEADER = "CardCode/CardCode-Prefix.pch";
				INFOPLIST_FILE = "CardCodeTests/CardCodeTests-Info.plist";
				PRODUCT_NAME = "$(TARGET_NAME)";
				TEST_HOST = "$(BUNDLE_LOADER)";
				WRAPPER_EXTENSION = xctest;
			};
			name = Release;
		};
/* End XCBuildConfiguration section */

/* Begin XCConfigurationList section */
		A6A7938119B6062B00319215 /* Build configuration list for PBXProject "CardCode" */ = {
			isa = XCConfigurationList;
			buildConfigurations = (
				A6A793BC19B6062B00319215 /* Debug */,
				A6A793BD19B6062B00319215 /* Release */,
			);
			defaultConfigurationIsVisible = 0;
			defaultConfigurationName = Release;
		};
		A6A793BE19B6062B00319215 /* Build configuration list for PBXNativeTarget "CardCode" */ = {
			isa = XCConfigurationList;
			buildConfigurations = (
				A6A793BF19B6062B00319215 /* Debug */,
				A6A793C019B6062B00319215 /* Release */,
			);
			defaultConfigurationIsVisible = 0;
		};
		A6A793C119B6062B00319215 /* Build configuration list for PBXNativeTarget "CardCodeTests" */ = {
			isa = XCConfigurationList;
			buildConfigurations = (
				A6A793C219B6062B00319215 /* Debug */,
				A6A793C319B6062B00319215 /* Release */,
			);
			defaultConfigurationIsVisible = 0;
		};
/* End XCConfigurationList section */
	};
	rootObject = A6A7937E19B6062B00319215 /* Project object */;
}
